# THIS IS AN AUTOGENERATED FILE. DO NOT EDIT THIS FILE DIRECTLY.
# yarn lockfile v1


kleur@^4.1.0:
  version "4.1.3"
  resolved "https://registry.yarnpkg.com/kleur/-/kleur-4.1.3.tgz#8d262a56d79a137ee1b706e967c0b08a7fef4f4c"
  integrity sha512-H1tr8QP2PxFTNwAFM74Mui2b6ovcY9FoxJefgrwxY+OCJcq01k5nvhf4M/KnizzrJvLRap5STUy7dgDV35iUBw==

ley@0.6.0:
  version "0.6.0"
  resolved "https://registry.yarnpkg.com/ley/-/ley-0.6.0.tgz#874424f91bf6bf9af4f356b32c1c7bd31eed7b73"
  integrity sha512-pAlrPY8A5OQ7ALqkzBu+Ads0B+hvyopvPM6RA0vDvuCj0IBn11laZKYccnHtihBGdJl1QNOuai//oBuFmZ9sPA==
  dependencies:
    kleur "^4.1.0"
    mk-dirs "^3.0.0"
    sade "^1.7.0"
    totalist "^2.0.0"

mk-dirs@^3.0.0:
  version "3.0.0"
  resolved "https://registry.yarnpkg.com/mk-dirs/-/mk-dirs-3.0.0.tgz#1a0296e04ae5c2e5063db4089907efbdff79b7c4"
  integrity sha512-FEZDdUFb88hgdnsfAPa4VxcPVOd+8GyZ2jsI965im5bjBlBYhrvXuTqLka/UHa6YdUNN/kZBsVgofhZ3322AJw==

mri@^1.1.0:
  version "1.1.6"
  resolved "https://registry.yarnpkg.com/mri/-/mri-1.1.6.tgz#49952e1044db21dbf90f6cd92bc9c9a777d415a6"
  integrity sha512-oi1b3MfbyGa7FJMP9GmLTttni5JoICpYBRlq+x5V16fZbLsnL9N3wFqqIm/nIG43FjUFkFh9Epzp/kzUGUnJxQ==

postgres@2.0.0-beta.1:
  version "2.0.0-beta.1"
  resolved "https://registry.yarnpkg.com/postgres/-/postgres-2.0.0-beta.1.tgz#992b2a44d66b0ad52200deb100a1660099394cce"
  integrity sha512-fwc7WZ1i7uWS5KtkXljRpUvb9NVstmDFY/LfGMpo8W4iTAB74BpPeMkvXkSRHIineWmFbjiwk7qJh9RWoSnX/g==

sade@^1.7.0:
  version "1.7.4"
  resolved "https://registry.yarnpkg.com/sade/-/sade-1.7.4.tgz#ea681e0c65d248d2095c90578c03ca0bb1b54691"
  integrity sha512-y5yauMD93rX840MwUJr7C1ysLFBgMspsdTo4UVrDg3fXDvtwOyIqykhVAAm6fk/3au77773itJStObgK+LKaiA==
  dependencies:
    mri "^1.1.0"

totalist@^2.0.0:
  version "2.0.0"
  resolved "https://registry.yarnpkg.com/totalist/-/totalist-2.0.0.tgz#db6f1e19c0fa63e71339bbb8fba89653c18c7eec"
  integrity sha512-+Y17F0YzxfACxTyjfhnJQEe7afPA0GSpYlFkl2VFMxYP7jshQf9gXV7cH47EfToBumFThfKBvfAcoUn6fdNeRQ==
